{
  "name": "looking-glass-calibration-wrapper",
  "requires": true,
  "lockfileVersion": 1,
  "dependencies": {
    "@ungap/event-target": {
      "version": "0.1.0",
      "resolved": "https://registry.npmjs.org/@ungap/event-target/-/event-target-0.1.0.tgz",
      "integrity": "sha512-W2oyj0Fe1w/XhPZjkI3oUcDUAmu5P4qsdT2/2S8aMhtAWM/CE/jYWtji0pKNPDfxLI75fa5gWSEmnynKMNP/oA=="
    },
    "cbor-js": {
      "version": "0.1.0",
      "resolved": "https://registry.npmjs.org/cbor-js/-/cbor-js-0.1.0.tgz",
      "integrity": "sha512-7sQ/TvDZPl7csT1Sif9G0+MA0I0JOVah8+wWlJVQdVEgIbCzlN/ab3x+uvMNsc34TUvO6osQTAmB2ls80JX6tw=="
    },
    "fullscreen-polyfill": {
      "version": "1.0.4",
      "resolved": "https://registry.npmjs.org/fullscreen-polyfill/-/fullscreen-polyfill-1.0.4.tgz",
      "integrity": "sha512-oNQPCv6ULyajmTid3314SYZdyD4QzIC12WrO3D4BZoxo9ThtrvL70c9JAVsoVWTXmZwoQmEXcCHSP5tEcALAwA=="
    },
    "holoplay": {
      "version": "1.0.3",
      "resolved": "https://registry.npmjs.org/holoplay/-/holoplay-1.0.3.tgz",
      "integrity": "sha512-r1sLLcO8/pSg1rb7051JSSVkWoLZddK/+3jXS677dgM0u3AwluoikDxTAbFvkVMj4OMbodHoMhoIaJLZUcWyHA==",
      "requires": {
        "@ungap/event-target": "^0.1.0",
        "fullscreen-polyfill": "^1.0.2",
        "holoplay-core": "0.0.8",
        "three": "^0.102.1"
      },
      "dependencies": {
        "three": {
          "version": "0.102.1",
          "resolved": "https://registry.npmjs.org/three/-/three-0.102.1.tgz",
          "integrity": "sha512-btHBdww/Es4vdBkB2GjTE9mpj0vy8tgtxkX7ne7uxySXV8zoGxWJv1N88BydxnCqvAfmD4ZUTqPeESO7oDgeOQ=="
        }
      }
    },
    "holoplay-core": {
      "version": "0.0.8",
      "resolved": "https://registry.npmjs.org/holoplay-core/-/holoplay-core-0.0.8.tgz",
      "integrity": "sha512-fErVQ6dB8onRRKPQGxBT6VOCTIFjnoOu8U2+TBxNJLGgVEeOR6hr4yYEMHSSSOFUjyFLpWXWfEkFt34vOS+VFA==",
      "requires": {
        "cbor-js": "^0.1.0",
        "ws": "^7.2.0"
      },
      "dependencies": {
        "ws": {
          "version": "7.5.9",
          "resolved": "https://registry.npmjs.org/ws/-/ws-7.5.9.tgz",
          "integrity": "sha512-F+P9Jil7UiSKSkppIiD94dN07AwvFixvLIj1Og1Rl9GGMuNipJnV9JzjD6XuqmAeiswGvUmNLjr5cFuXwNS77Q=="
        }
      }
    },
    "mock-dom-resources": {
      "version": "9.0.0",
      "resolved": "https://registry.npmjs.org/mock-dom-resources/-/mock-dom-resources-9.0.0.tgz",
      "integrity": "sha512-V3nS5O4qwlJElnsxV0DaOO4lgQiEMOET68kZGzeopImjsvXcyCQCasx/ZjZFPMBBSING2giUKslBIKCK+bF71Q=="
    },
    "node-window-polyfill": {
      "version": "1.0.2",
      "resolved": "https://registry.npmjs.org/node-window-polyfill/-/node-window-polyfill-1.0.2.tgz",
      "integrity": "sha512-v/kxszOE9vr1JRObFPmZg0j57b84SG+fNueuyjpKmNKSVDtcYJuWgExyLUxI10JYLx6hNXH1FR9WInAUvItXgw==",
      "requires": {
        "ws": "^7.4.3"
      }
    },
    "three": {
      "version": "0.146.0",
      "resolved": "https://registry.npmjs.org/three/-/three-0.146.0.tgz",
      "integrity": "sha512-1lvNfLezN6OJ9NaFAhfX4sm5e9YCzHtaRgZ1+B4C+Hv6TibRMsuBAM5/wVKzxjpYIlMymvgsHEFrrigEfXnb2A=="
    },
    "ws": {
      "version": "7.5.9",
      "resolved": "https://registry.npmjs.org/ws/-/ws-7.5.9.tgz",
      "integrity": "sha512-F+P9Jil7UiSKSkppIiD94dN07AwvFixvLIj1Og1Rl9GGMuNipJnV9JzjD6XuqmAeiswGvUmNLjr5cFuXwNS77Q=="
    }
  }
}
